// !$*UTF8*$!
{
	archiveVersion = 1;
	classes = {
	};
	objectVersion = 55;
	objects = {

/* Begin PBXBuildFile section */
		44BBA2F729E5050C007FF45B /* main.cpp in Sources */ = {isa = PBXBuildFile; fileRef = 44BBA2F629E5050C007FF45B /* main.cpp */; };
		44BBA30129E511AC007FF45B /* OpenGL.framework in Frameworks */ = {isa = PBXBuildFile; fileRef = 44BBA30029E511AC007FF45B /* OpenGL.framework */; };
		44BBA30329E511B4007FF45B /* GLUT.framework in Frameworks */ = {isa = PBXBuildFile; fileRef = 44BBA30229E511B4007FF45B /* GLUT.framework */; };
/* End PBXBuildFile section */

/* Begin PBXCopyFilesBuildPhase section */
		44BBA2F129E5050C007FF45B /* CopyFiles */ = {
			isa = PBXCopyFilesBuildPhase;
			buildActionMask = 2147483647;
			dstPath = /usr/share/man/man1/;
			dstSubfolderSpec = 0;
			files = (
			);
			runOnlyForDeploymentPostprocessing = 1;
		};
/* End PBXCopyFilesBuildPhase section */

/* Begin PBXFileReference section */
		44A0DE972A131A4400EB4CD5 /* glm */ = {isa = PBXFileReference; lastKnownFileType = folder; name = glm; path = ../../Downloads/glm/glm; sourceTree = "<group>"; };
		44A0DE982A131AFF00EB4CD5 /* glm.hpp */ = {isa = PBXFileReference; lastKnownFileType = sourcecode.cpp.h; name = glm.hpp; path = ../../Downloads/glm/glm/glm.hpp; sourceTree = "<group>"; };
		44BBA2F329E5050C007FF45B /* DrawCube */ = {isa = PBXFileReference; explicitFileType = "compiled.mach-o.executable"; includeInIndex = 0; path = DrawCube; sourceTree = BUILT_PRODUCTS_DIR; };
		44BBA2F629E5050C007FF45B /* main.cpp */ = {isa = PBXFileReference; lastKnownFileType = sourcecode.cpp.cpp; path = main.cpp; sourceTree = "<group>"; };
		44BBA2FD29E5054D007FF45B /* VertexShader.txt */ = {isa = PBXFileReference; lastKnownFileType = text; path = VertexShader.txt; sourceTree = "<group>"; };
		44BBA2FE29E5056E007FF45B /* FragmentShader.txt */ = {isa = PBXFileReference; lastKnownFileType = text; path = FragmentShader.txt; sourceTree = "<group>"; };
		44BBA30029E511AC007FF45B /* OpenGL.framework */ = {isa = PBXFileReference; lastKnownFileType = wrapper.framework; name = OpenGL.framework; path = System/Library/Frameworks/OpenGL.framework; sourceTree = SDKROOT; };
		44BBA30229E511B4007FF45B /* GLUT.framework */ = {isa = PBXFileReference; lastKnownFileType = wrapper.framework; name = GLUT.framework; path = System/Library/Frameworks/GLUT.framework; sourceTree = SDKROOT; };
/* End PBXFileReference section */

/* Begin PBXFrameworksBuildPhase section */
		44BBA2F029E5050C007FF45B /* Frameworks */ = {
			isa = PBXFrameworksBuildPhase;
			buildActionMask = 2147483647;
			files = (
				44BBA30329E511B4007FF45B /* GLUT.framework in Frameworks */,
				44BBA30129E511AC007FF45B /* OpenGL.framework in Frameworks */,
			);
			runOnlyForDeploymentPostprocessing = 0;
		};
/* End PBXFrameworksBuildPhase section */

/* Begin PBXGroup section */
		44BBA2EA29E5050C007FF45B = {
			isa = PBXGroup;
			children = (
				44BBA2F529E5050C007FF45B /* DrawCube */,
				44BBA2F429E5050C007FF45B /* Products */,
				44BBA2FF29E511AC007FF45B /* Frameworks */,
			);
			sourceTree = "<group>";
		};
		44BBA2F429E5050C007FF45B /* Products */ = {
			isa = PBXGroup;
			children = (
				44BBA2F329E5050C007FF45B /* DrawCube */,
			);
			name = Products;
			sourceTree = "<group>";
		};
		44BBA2F529E5050C007FF45B /* DrawCube */ = {
			isa = PBXGroup;
			children = (
				44BBA2F629E5050C007FF45B /* main.cpp */,
				44BBA2FD29E5054D007FF45B /* VertexShader.txt */,
				44BBA2FE29E5056E007FF45B /* FragmentShader.txt */,
			);
			path = DrawCube;
			sourceTree = "<group>";
		};
		44BBA2FF29E511AC007FF45B /* Frameworks */ = {
			isa = PBXGroup;
			children = (
				44A0DE982A131AFF00EB4CD5 /* glm.hpp */,
				44A0DE972A131A4400EB4CD5 /* glm */,
				44BBA30229E511B4007FF45B /* GLUT.framework */,
				44BBA30029E511AC007FF45B /* OpenGL.framework */,
			);
			name = Frameworks;
			sourceTree = "<group>";
		};
/* End PBXGroup section */

/* Begin PBXNativeTarget section */
		44BBA2F229E5050C007FF45B /* DrawCube */ = {
			isa = PBXNativeTarget;
			buildConfigurationList = 44BBA2FA29E5050C007FF45B /* Build configuration list for PBXNativeTarget "DrawCube" */;
			buildPhases = (
				44BBA2EF29E5050C007FF45B /* Sources */,
				44BBA2F029E5050C007FF45B /* Frameworks */,
				44BBA2F129E5050C007FF45B /* CopyFiles */,
			);
			buildRules = (
			);
			dependencies = (
			);
			name = DrawCube;
			productName = DrawCube;
			productReference = 44BBA2F329E5050C007FF45B /* DrawCube */;
			productType = "com.apple.product-type.tool";
		};
/* End PBXNativeTarget section */

/* Begin PBXProject section */
		44BBA2EB29E5050C007FF45B /* Project object */ = {
			isa = PBXProject;
			attributes = {
				BuildIndependentTargetsInParallel = 1;
				LastUpgradeCheck = 1340;
				TargetAttributes = {
					44BBA2F229E5050C007FF45B = {
						CreatedOnToolsVersion = 13.4.1;
					};
				};
			};
			buildConfigurationList = 44BBA2EE29E5050C007FF45B /* Build configuration list for PBXProject "DrawCube" */;
			compatibilityVersion = "Xcode 13.0";
			developmentRegion = en;
			hasScannedForEncodings = 0;
			knownRegions = (
				en,
				Base,
			);
			mainGroup = 44BBA2EA29E5050C007FF45B;
			productRefGroup = 44BBA2F429E5050C007FF45B /* Products */;
			projectDirPath = "";
			projectRoot = "";
			targets = (
				44BBA2F229E5050C007FF45B /* DrawCube */,
			);
		};
/* End PBXProject section */

/* Begin PBXSourcesBuildPhase section */
		44BBA2EF29E5050C007FF45B /* Sources */ = {
			isa = PBXSourcesBuildPhase;
			buildActionMask = 2147483647;
			files = (
				44BBA2F729E5050C007FF45B /* main.cpp in Sources */,
			);
			runOnlyForDeploymentPostprocessing = 0;
		};
/* End PBXSourcesBuildPhase section */

/* Begin XCBuildConfiguration section */
		44BBA2F829E5050C007FF45B /* Debug */ = {
			isa = XCBuildConfiguration;
			buildSettings = {
				ALWAYS_SEARCH_USER_PATHS = NO;
				CLANG_ANALYZER_NONNULL = YES;
				CLANG_ANALYZER_NUMBER_OBJECT_CONVERSION = YES_AGGRESSIVE;
				CLANG_CXX_LANGUAGE_STANDARD = "gnu++17";
				CLANG_ENABLE_MODULES = YES;
				CLANG_ENABLE_OBJC_ARC = YES;
				CLANG_ENABLE_OBJC_WEAK = YES;
				CLANG_WARN_BLOCK_CAPTURE_AUTORELEASING = YES;
				CLANG_WARN_BOOL_CONVERSION = YES;
				CLANG_WARN_COMMA = YES;
				CLANG_WARN_CONSTANT_CONVERSION = YES;
				CLANG_WARN_DEPRECATED_OBJC_IMPLEMENTATIONS = YES;
				CLANG_WARN_DIRECT_OBJC_ISA_USAGE = YES_ERROR;
				CLANG_WARN_DOCUMENTATION_COMMENTS = YES;
				CLANG_WARN_EMPTY_BODY = YES;
				CLANG_WARN_ENUM_CONVERSION = YES;
				CLANG_WARN_INFINITE_RECURSION = YES;
				CLANG_WARN_INT_CONVERSION = YES;
				CLANG_WARN_NON_LITERAL_NULL_CONVERSION = YES;
				CLANG_WARN_OBJC_IMPLICIT_RETAIN_SELF = YES;
				CLANG_WARN_OBJC_LITERAL_CONVERSION = YES;
				CLANG_WARN_OBJC_ROOT_CLASS = YES_ERROR;
				CLANG_WARN_QUOTED_INCLUDE_IN_FRAMEWORK_HEADER = YES;
				CLANG_WARN_RANGE_LOOP_ANALYSIS = YES;
				CLANG_WARN_STRICT_PROTOTYPES = YES;
				CLANG_WARN_SUSPICIOUS_MOVE = YES;
				CLANG_WARN_UNGUARDED_AVAILABILITY = YES_AGGRESSIVE;
				CLANG_WARN_UNREACHABLE_CODE = YES;
				CLANG_WARN__DUPLICATE_METHOD_MATCH = YES;
				COPY_PHASE_STRIP = NO;
				DEBUG_INFORMATION_FORMAT = dwarf;
				ENABLE_STRICT_OBJC_MSGSEND = YES;
				ENABLE_TESTABILITY = YES;
				GCC_C_LANGUAGE_STANDARD = gnu11;
				GCC_DYNAMIC_NO_PIC = NO;
				GCC_NO_COMMON_BLOCKS = YES;
				GCC_OPTIMIZATION_LEVEL = 0;
				GCC_PREPROCESSOR_DEFINITIONS = (
					"DEBUG=1",
					"$(inherited)",
				);
				GCC_WARN_64_TO_32_BIT_CONVERSION = YES;
				GCC_WARN_ABOUT_RETURN_TYPE = YES_ERROR;
				GCC_WARN_UNDECLARED_SELECTOR = YES;
				GCC_WARN_UNINITIALIZED_AUTOS = YES_AGGRESSIVE;
				GCC_WARN_UNUSED_FUNCTION = YES;
				GCC_WARN_UNUSED_VARIABLE = YES;
				MACOSX_DEPLOYMENT_TARGET = 12.3;
				MTL_ENABLE_DEBUG_INFO = INCLUDE_SOURCE;
				MTL_FAST_MATH = YES;
				ONLY_ACTIVE_ARCH = YES;
				SDKROOT = macosx;
			};
			name = Debug;
		};
		44BBA2F929E5050C007FF45B /* Release */ = {
			isa = XCBuildConfiguration;
			buildSettings = {
				ALWAYS_SEARCH_USER_PATHS = NO;
				CLANG_ANALYZER_NONNULL = YES;
				CLANG_ANALYZER_NUMBER_OBJECT_CONVERSION = YES_AGGRESSIVE;
				CLANG_CXX_LANGUAGE_STANDARD = "gnu++17";
				CLANG_ENABLE_MODULES = YES;
				CLANG_ENABLE_OBJC_ARC = YES;
				CLANG_ENABLE_OBJC_WEAK = YES;
				CLANG_WARN_BLOCK_CAPTURE_AUTORELEASING = YES;
				CLANG_WARN_BOOL_CONVERSION = YES;
				CLANG_WARN_COMMA = YES;
				CLANG_WARN_CONSTANT_CONVERSION = YES;
				CLANG_WARN_DEPRECATED_OBJC_IMPLEMENTATIONS = YES;
				CLANG_WARN_DIRECT_OBJC_ISA_USAGE = YES_ERROR;
				CLANG_WARN_DOCUMENTATION_COMMENTS = YES;
				CLANG_WARN_EMPTY_BODY = YES;
				CLANG_WARN_ENUM_CONVERSION = YES;
				CLANG_WARN_INFINITE_RECURSION = YES;
				CLANG_WARN_INT_CONVERSION = YES;
				CLANG_WARN_NON_LITERAL_NULL_CONVERSION = YES;
				CLANG_WARN_OBJC_IMPLICIT_RETAIN_SELF = YES;
				CLANG_WARN_OBJC_LITERAL_CONVERSION = YES;
				CLANG_WARN_OBJC_ROOT_CLASS = YES_ERROR;
				CLANG_WARN_QUOTED_INCLUDE_IN_FRAMEWORK_HEADER = YES;
				CLANG_WARN_RANGE_LOOP_ANALYSIS = YES;
				CLANG_WARN_STRICT_PROTOTYPES = YES;
				CLANG_WARN_SUSPICIOUS_MOVE = YES;
				CLANG_WARN_UNGUARDED_AVAILABILITY = YES_AGGRESSIVE;
				CLANG_WARN_UNREACHABLE_CODE = YES;
				CLANG_WARN__DUPLICATE_METHOD_MATCH = YES;
				COPY_PHASE_STRIP = NO;
				DEBUG_INFORMATION_FORMAT = "dwarf-with-dsym";
				ENABLE_NS_ASSERTIONS = NO;
				ENABLE_STRICT_OBJC_MSGSEND = YES;
				GCC_C_LANGUAGE_STANDARD = gnu11;
				GCC_NO_COMMON_BLOCKS = YES;
				GCC_WARN_64_TO_32_BIT_CONVERSION = YES;
				GCC_WARN_ABOUT_RETURN_TYPE = YES_ERROR;
				GCC_WARN_UNDECLARED_SELECTOR = YES;
				GCC_WARN_UNINITIALIZED_AUTOS = YES_AGGRESSIVE;
				GCC_WARN_UNUSED_FUNCTION = YES;
				GCC_WARN_UNUSED_VARIABLE = YES;
				MACOSX_DEPLOYMENT_TARGET = 12.3;
				MTL_ENABLE_DEBUG_INFO = NO;
				MTL_FAST_MATH = YES;
				SDKROOT = macosx;
			};
			name = Release;
		};
		44BBA2FB29E5050C007FF45B /* Debug */ = {
			isa = XCBuildConfiguration;
			buildSettings = {
				CODE_SIGN_STYLE = Automatic;
				DEVELOPMENT_TEAM = DYYJ4V694Y;
				ENABLE_HARDENED_RUNTIME = YES;
				PRODUCT_NAME = "$(TARGET_NAME)";
			};
			name = Debug;
		};
		44BBA2FC29E5050C007FF45B /* Release */ = {
			isa = XCBuildConfiguration;
			buildSettings = {
				CODE_SIGN_STYLE = Automatic;
				DEVELOPMENT_TEAM = DYYJ4V694Y;
				ENABLE_HARDENED_RUNTIME = YES;
				PRODUCT_NAME = "$(TARGET_NAME)";
			};
			name = Release;
		};
/* End XCBuildConfiguration section */

/* Begin XCConfigurationList section */
		44BBA2EE29E5050C007FF45B /* Build configuration list for PBXProject "DrawCube" */ = {
			isa = XCConfigurationList;
			buildConfigurations = (
				44BBA2F829E5050C007FF45B /* Debug */,
				44BBA2F929E5050C007FF45B /* Release */,
			);
			defaultConfigurationIsVisible = 0;
			defaultConfigurationName = Release;
		};
		44BBA2FA29E5050C007FF45B /* Build configuration list for PBXNativeTarget "DrawCube" */ = {
			isa = XCConfigurationList;
			buildConfigurations = (
				44BBA2FB29E5050C007FF45B /* Debug */,
				44BBA2FC29E5050C007FF45B /* Release */,
			);
			defaultConfigurationIsVisible = 0;
			defaultConfigurationName = Release;
		};
/* End XCConfigurationList section */
	};
	rootObject = 44BBA2EB29E5050C007FF45B /* Project object */;
}
